
Microsoft Visual Studio Solution File, Format Version 12.00
# Visual Studio 15
VisualStudioVersion = 15.0.27004.2010
MinimumVisualStudioVersion = 10.0.40219.1
Project("{FAE04EC0-301F-11D3-BF4B-00C04F79EFBC}") = "MVPPattern", "MVPPattern\MVPPattern.csproj", "{75665BC3-64F7-4F85-AFC9-FA7FA41B804B}"
EndProject
Global
	GlobalSection(SolutionConfigurationPlatforms) = preSolution
		Debug|Any CPU = Debug|Any CPU
		Release|Any CPU = Release|Any CPU
	EndGlobalSection
	GlobalSection(ProjectConfigurationPlatforms) = postSolution
		{75665BC3-64F7-4F85-AFC9-FA7FA41B804B}.Debug|Any CPU.ActiveCfg = Debug|Any CPU
		{75665BC3-64F7-4F85-AFC9-FA7FA41B804B}.Debug|Any CPU.Build.0 = Debug|Any CPU
		{75665BC3-64F7-4F85-AFC9-FA7FA41B804B}.Debug|Any CPU.Deploy.0 = Debug|Any CPU
		{75665BC3-64F7-4F85-AFC9-FA7FA41B804B}.Release|Any CPU.ActiveCfg = Release|Any CPU
		{75665BC3-64F7-4F85-AFC9-FA7FA41B804B}.Release|Any CPU.Build.0 = Release|Any CPU
		{75665BC3-64F7-4F85-AFC9-FA7FA41B804B}.Release|Any CPU.Deploy.0 = Release|Any CPU
	EndGlobalSection
	GlobalSection(SolutionProperties) = preSolution
		HideSolutionNode = FALSE
	EndGlobalSection
	GlobalSection(ExtensibilityGlobals) = postSolution
		SolutionGuid = {79A74392-76B3-4D9B-89C6-C6DC5C5D0F56}
	EndGlobalSection
EndGlobal
